
Microsoft Visual Studio Solution File, Format Version 12.00
# Visual Studio Version 16
VisualStudioVersion = 16.0.29123.88
MinimumVisualStudioVersion = 10.0.40219.1
Project("{FAE04EC0-301F-11D3-BF4B-00C04F79EFBC}") = "Azure_NETCORE_Example", "Azure_NETCORE_Example\Azure_NETCORE_Example.csproj", "{41A5D888-5A86-4567-975B-A2967A15A2E9}"
EndProject
Project("{FAE04EC0-301F-11D3-BF4B-00C04F79EFBC}") = "NETCORE_NUnitTest", "NETCORE_NUnitTest\NETCORE_NUnitTest.csproj", "{BE9B7071-251C-48AC-BEA6-800043631F54}"
EndProject
Global
	GlobalSection(SolutionConfigurationPlatforms) = preSolution
		Debug|Any CPU = Debug|Any CPU
		Release|Any CPU = Release|Any CPU
	EndGlobalSection
	GlobalSection(ProjectConfigurationPlatforms) = postSolution
		{41A5D888-5A86-4567-975B-A2967A15A2E9}.Debug|Any CPU.ActiveCfg = Debug|Any CPU
		{41A5D888-5A86-4567-975B-A2967A15A2E9}.Debug|Any CPU.Build.0 = Debug|Any CPU
		{41A5D888-5A86-4567-975B-A2967A15A2E9}.Release|Any CPU.ActiveCfg = Release|Any CPU
		{41A5D888-5A86-4567-975B-A2967A15A2E9}.Release|Any CPU.Build.0 = Release|Any CPU
		{BE9B7071-251C-48AC-BEA6-800043631F54}.Debug|Any CPU.ActiveCfg = Debug|Any CPU
		{BE9B7071-251C-48AC-BEA6-800043631F54}.Debug|Any CPU.Build.0 = Debug|Any CPU
		{BE9B7071-251C-48AC-BEA6-800043631F54}.Release|Any CPU.ActiveCfg = Release|Any CPU
		{BE9B7071-251C-48AC-BEA6-800043631F54}.Release|Any CPU.Build.0 = Release|Any CPU
	EndGlobalSection
	GlobalSection(SolutionProperties) = preSolution
		HideSolutionNode = FALSE
	EndGlobalSection
	GlobalSection(ExtensibilityGlobals) = postSolution
		SolutionGuid = {C6BA93A4-4F4E-4172-87B6-F43B3EDF2CB3}
	EndGlobalSection
EndGlobal
