
Microsoft Visual Studio Solution File, Format Version 12.00
# Visual Studio Version 16
VisualStudioVersion = 16.0.29123.88
MinimumVisualStudioVersion = 10.0.40219.1
Project("{9A19103F-16F7-4668-BE54-9A1E7A4F7556}") = "Azure_NETCORE_Example", "Azure_NETCORE_Example\Azure_NETCORE_Example.csproj", "{41A5D888-5A86-4567-975B-A2967A15A2E9}"
EndProject
Project("{9A19103F-16F7-4668-BE54-9A1E7A4F7556}") = "NETCORE_NUnitTest", "NETCORE_NUnitTest\NETCORE_NUnitTest.csproj", "{BE9B7071-251C-48AC-BEA6-800043631F54}"
EndProject
Project("{2150E333-8FDC-42A3-9474-1A3956D46DE8}") = "TEST", "TEST", "{26427CA8-9E44-4ED2-893D-4DFDB4B38AB8}"
EndProject
Project("{2150E333-8FDC-42A3-9474-1A3956D46DE8}") = "WEB", "WEB", "{B6B67791-219A-4B6A-9E71-47C1C2669BCC}"
EndProject
Project("{2150E333-8FDC-42A3-9474-1A3956D46DE8}") = "JOB", "JOB", "{482D61FC-D679-4D0C-B2E8-351265C9E7C6}"
EndProject
Project("{2150E333-8FDC-42A3-9474-1A3956D46DE8}") = "CONSUMER", "CONSUMER", "{9C1DC09E-F754-4025-AADE-DB89AF291D17}"
EndProject
Project("{9A19103F-16F7-4668-BE54-9A1E7A4F7556}") = "Azure_NETCORE_Consumer", "Azure_NETCORE_Consumer\Azure_NETCORE_Consumer.csproj", "{DC748F61-08AA-4652-874F-6335A9632B7F}"
EndProject
Project("{FAE04EC0-301F-11D3-BF4B-00C04F79EFBC}") = "Azure_NETCORE_Job", "Azure_NETCORE_Job\Azure_NETCORE_Job.csproj", "{638EFBB5-180E-48A0-A661-C2720447F701}"
EndProject
Global
	GlobalSection(SolutionConfigurationPlatforms) = preSolution
		Debug|Any CPU = Debug|Any CPU
		Release|Any CPU = Release|Any CPU
	EndGlobalSection
	GlobalSection(ProjectConfigurationPlatforms) = postSolution
		{41A5D888-5A86-4567-975B-A2967A15A2E9}.Debug|Any CPU.ActiveCfg = Debug|Any CPU
		{41A5D888-5A86-4567-975B-A2967A15A2E9}.Debug|Any CPU.Build.0 = Debug|Any CPU
		{41A5D888-5A86-4567-975B-A2967A15A2E9}.Release|Any CPU.ActiveCfg = Release|Any CPU
		{41A5D888-5A86-4567-975B-A2967A15A2E9}.Release|Any CPU.Build.0 = Release|Any CPU
		{BE9B7071-251C-48AC-BEA6-800043631F54}.Debug|Any CPU.ActiveCfg = Debug|Any CPU
		{BE9B7071-251C-48AC-BEA6-800043631F54}.Debug|Any CPU.Build.0 = Debug|Any CPU
		{BE9B7071-251C-48AC-BEA6-800043631F54}.Release|Any CPU.ActiveCfg = Release|Any CPU
		{BE9B7071-251C-48AC-BEA6-800043631F54}.Release|Any CPU.Build.0 = Release|Any CPU
		{DC748F61-08AA-4652-874F-6335A9632B7F}.Debug|Any CPU.ActiveCfg = Debug|Any CPU
		{DC748F61-08AA-4652-874F-6335A9632B7F}.Debug|Any CPU.Build.0 = Debug|Any CPU
		{DC748F61-08AA-4652-874F-6335A9632B7F}.Release|Any CPU.ActiveCfg = Release|Any CPU
		{DC748F61-08AA-4652-874F-6335A9632B7F}.Release|Any CPU.Build.0 = Release|Any CPU
		{638EFBB5-180E-48A0-A661-C2720447F701}.Debug|Any CPU.ActiveCfg = Debug|Any CPU
		{638EFBB5-180E-48A0-A661-C2720447F701}.Debug|Any CPU.Build.0 = Debug|Any CPU
		{638EFBB5-180E-48A0-A661-C2720447F701}.Release|Any CPU.ActiveCfg = Release|Any CPU
		{638EFBB5-180E-48A0-A661-C2720447F701}.Release|Any CPU.Build.0 = Release|Any CPU
	EndGlobalSection
	GlobalSection(SolutionProperties) = preSolution
		HideSolutionNode = FALSE
	EndGlobalSection
	GlobalSection(NestedProjects) = preSolution
		{41A5D888-5A86-4567-975B-A2967A15A2E9} = {B6B67791-219A-4B6A-9E71-47C1C2669BCC}
		{BE9B7071-251C-48AC-BEA6-800043631F54} = {26427CA8-9E44-4ED2-893D-4DFDB4B38AB8}
		{DC748F61-08AA-4652-874F-6335A9632B7F} = {9C1DC09E-F754-4025-AADE-DB89AF291D17}
		{638EFBB5-180E-48A0-A661-C2720447F701} = {482D61FC-D679-4D0C-B2E8-351265C9E7C6}
	EndGlobalSection
	GlobalSection(ExtensibilityGlobals) = postSolution
		SolutionGuid = {C6BA93A4-4F4E-4172-87B6-F43B3EDF2CB3}
	EndGlobalSection
EndGlobal
